PODS:
  - Beagle (1.0.0):
    - Beagle/Beagle (= 1.0.0)
  - Beagle/Beagle (1.0.0):
    - BeagleSchema (= 1.0.0)
    - YogaKit
  - Beagle/Preview (1.0.0):
    - Beagle/Beagle
    - Starscream
  - BeagleSchema (1.0.0)
  - Starscream (4.0.3)
  - Yoga (1.14.0)
  - YogaKit (1.18.1):
    - Yoga (~> 1.14)

DEPENDENCIES:
  - Beagle
  - Beagle/Preview
  - YogaKit (from `https://github.com/ZupIT/YogaKit`)

SPEC REPOS:
  trunk:
    - Beagle
    - BeagleSchema
    - Starscream
    - Yoga

EXTERNAL SOURCES:
  YogaKit:
    :git: https://github.com/ZupIT/YogaKit

CHECKOUT OPTIONS:
  YogaKit:
    :commit: 939ed55b23a687b91a378acfd80ca9e47bf1c000
    :git: https://github.com/ZupIT/YogaKit

SPEC CHECKSUMS:
  Beagle: 4c08b3b63abfcfcaadacfd7cb45363941dcca648
  BeagleSchema: 31c586f081a6d6497cbf4b3e77027d16319e0e87
  Starscream: ef06f0961fff0880bca0604416d61141e4faca67
  Yoga: cff67a400f6b74dc38eb0bad4f156673d9aa980c
  YogaKit: 3a733275fd1639b96a304f6f5c11421478371e6b

PODFILE CHECKSUM: 64efda67d7dd6303397ac19da286cfe13b296c13

COCOAPODS: 1.9.3
